
Microsoft Visual Studio Solution File, Format Version 11.00
# Visual Studio 2010
# SharpDevelop 5.1
Project("{FAE04EC0-301F-11D3-BF4B-00C04F79EFBC}") = "planetas", "planetas\planetas.csproj", "{EA64778C-C89C-4C2B-87E3-7702F0DBBF21}"
EndProject
Global
	GlobalSection(SolutionConfigurationPlatforms) = preSolution
		Debug|Any CPU = Debug|Any CPU
		Release|Any CPU = Release|Any CPU
	EndGlobalSection
	GlobalSection(ProjectConfigurationPlatforms) = postSolution
		{EA64778C-C89C-4C2B-87E3-7702F0DBBF21}.Debug|Any CPU.ActiveCfg = Debug|Any CPU
		{EA64778C-C89C-4C2B-87E3-7702F0DBBF21}.Debug|Any CPU.Build.0 = Debug|Any CPU
		{EA64778C-C89C-4C2B-87E3-7702F0DBBF21}.Release|Any CPU.ActiveCfg = Release|Any CPU
		{EA64778C-C89C-4C2B-87E3-7702F0DBBF21}.Release|Any CPU.Build.0 = Release|Any CPU
	EndGlobalSection
EndGlobal
